
Microsoft Visual Studio Solution File, Format Version 12.00
# Visual Studio 15
VisualStudioVersion = 15.0.28307.1705
MinimumVisualStudioVersion = 10.0.40219.1
Project("{8BC9CEB8-8B4A-11D0-8D11-00A0C91BC942}") = "day1", "day1\day1.vcxproj", "{C748E790-5F04-4A08-BC2A-FE7E7D7A6D85}"
EndProject
Project("{8BC9CEB8-8B4A-11D0-8D11-00A0C91BC942}") = "day2", "day2\day2.vcxproj", "{1D591573-7AAF-4950-8CC9-61A347C36D8B}"
EndProject
Project("{8BC9CEB8-8B4A-11D0-8D11-00A0C91BC942}") = "day3", "day3\day3.vcxproj", "{48C4953D-83A6-4354-BD9D-99DCB59260F8}"
EndProject
Project("{8BC9CEB8-8B4A-11D0-8D11-00A0C91BC942}") = "day4", "day4\day4.vcxproj", "{231319A6-A73B-4B00-8C4E-17FDF72104AD}"
EndProject
Project("{8BC9CEB8-8B4A-11D0-8D11-00A0C91BC942}") = "day5", "day5\day5.vcxproj", "{7B52EA2D-1580-4576-B62C-E1114951C4CC}"
EndProject
Project("{8BC9CEB8-8B4A-11D0-8D11-00A0C91BC942}") = "day6", "day6\day6.vcxproj", "{24ACCDE5-FE7D-484B-896D-211AB990C2ED}"
EndProject
Project("{8BC9CEB8-8B4A-11D0-8D11-00A0C91BC942}") = "day7", "day7\day7.vcxproj", "{535E5B7F-DB43-4F4A-B7BA-2967168E1D7A}"
EndProject
Project("{8BC9CEB8-8B4A-11D0-8D11-00A0C91BC942}") = "day8", "day8\day8.vcxproj", "{6285BB8F-5089-45DE-B52D-38A98F54462D}"
EndProject
Project("{8BC9CEB8-8B4A-11D0-8D11-00A0C91BC942}") = "day9", "day9\day9.vcxproj", "{0DF8CFD8-4662-4693-A9AD-035FE7E4DA1F}"
EndProject
Project("{8BC9CEB8-8B4A-11D0-8D11-00A0C91BC942}") = "day10", "day10\day10.vcxproj", "{F9287E34-231D-46E4-8478-9DF8C1184E2A}"
EndProject
Project("{8BC9CEB8-8B4A-11D0-8D11-00A0C91BC942}") = "day11", "day11\day11.vcxproj", "{660D974E-728A-474E-9C55-4A458162D7E0}"
EndProject
Global
	GlobalSection(SolutionConfigurationPlatforms) = preSolution
		Debug|x64 = Debug|x64
		Debug|x86 = Debug|x86
		Release|x64 = Release|x64
		Release|x86 = Release|x86
	EndGlobalSection
	GlobalSection(ProjectConfigurationPlatforms) = postSolution
		{C748E790-5F04-4A08-BC2A-FE7E7D7A6D85}.Debug|x64.ActiveCfg = Debug|x64
		{C748E790-5F04-4A08-BC2A-FE7E7D7A6D85}.Debug|x64.Build.0 = Debug|x64
		{C748E790-5F04-4A08-BC2A-FE7E7D7A6D85}.Debug|x86.ActiveCfg = Debug|Win32
		{C748E790-5F04-4A08-BC2A-FE7E7D7A6D85}.Debug|x86.Build.0 = Debug|Win32
		{C748E790-5F04-4A08-BC2A-FE7E7D7A6D85}.Release|x64.ActiveCfg = Release|x64
		{C748E790-5F04-4A08-BC2A-FE7E7D7A6D85}.Release|x64.Build.0 = Release|x64
		{C748E790-5F04-4A08-BC2A-FE7E7D7A6D85}.Release|x86.ActiveCfg = Release|Win32
		{C748E790-5F04-4A08-BC2A-FE7E7D7A6D85}.Release|x86.Build.0 = Release|Win32
		{1D591573-7AAF-4950-8CC9-61A347C36D8B}.Debug|x64.ActiveCfg = Debug|x64
		{1D591573-7AAF-4950-8CC9-61A347C36D8B}.Debug|x64.Build.0 = Debug|x64
		{1D591573-7AAF-4950-8CC9-61A347C36D8B}.Debug|x86.ActiveCfg = Debug|Win32
		{1D591573-7AAF-4950-8CC9-61A347C36D8B}.Debug|x86.Build.0 = Debug|Win32
		{1D591573-7AAF-4950-8CC9-61A347C36D8B}.Release|x64.ActiveCfg = Release|x64
		{1D591573-7AAF-4950-8CC9-61A347C36D8B}.Release|x64.Build.0 = Release|x64
		{1D591573-7AAF-4950-8CC9-61A347C36D8B}.Release|x86.ActiveCfg = Release|Win32
		{1D591573-7AAF-4950-8CC9-61A347C36D8B}.Release|x86.Build.0 = Release|Win32
		{48C4953D-83A6-4354-BD9D-99DCB59260F8}.Debug|x64.ActiveCfg = Debug|x64
		{48C4953D-83A6-4354-BD9D-99DCB59260F8}.Debug|x64.Build.0 = Debug|x64
		{48C4953D-83A6-4354-BD9D-99DCB59260F8}.Debug|x86.ActiveCfg = Debug|Win32
		{48C4953D-83A6-4354-BD9D-99DCB59260F8}.Debug|x86.Build.0 = Debug|Win32
		{48C4953D-83A6-4354-BD9D-99DCB59260F8}.Release|x64.ActiveCfg = Release|x64
		{48C4953D-83A6-4354-BD9D-99DCB59260F8}.Release|x64.Build.0 = Release|x64
		{48C4953D-83A6-4354-BD9D-99DCB59260F8}.Release|x86.ActiveCfg = Release|Win32
		{48C4953D-83A6-4354-BD9D-99DCB59260F8}.Release|x86.Build.0 = Release|Win32
		{231319A6-A73B-4B00-8C4E-17FDF72104AD}.Debug|x64.ActiveCfg = Debug|x64
		{231319A6-A73B-4B00-8C4E-17FDF72104AD}.Debug|x64.Build.0 = Debug|x64
		{231319A6-A73B-4B00-8C4E-17FDF72104AD}.Debug|x86.ActiveCfg = Debug|Win32
		{231319A6-A73B-4B00-8C4E-17FDF72104AD}.Debug|x86.Build.0 = Debug|Win32
		{231319A6-A73B-4B00-8C4E-17FDF72104AD}.Release|x64.ActiveCfg = Release|x64
		{231319A6-A73B-4B00-8C4E-17FDF72104AD}.Release|x64.Build.0 = Release|x64
		{231319A6-A73B-4B00-8C4E-17FDF72104AD}.Release|x86.ActiveCfg = Release|Win32
		{231319A6-A73B-4B00-8C4E-17FDF72104AD}.Release|x86.Build.0 = Release|Win32
		{7B52EA2D-1580-4576-B62C-E1114951C4CC}.Debug|x64.ActiveCfg = Debug|x64
		{7B52EA2D-1580-4576-B62C-E1114951C4CC}.Debug|x64.Build.0 = Debug|x64
		{7B52EA2D-1580-4576-B62C-E1114951C4CC}.Debug|x86.ActiveCfg = Debug|Win32
		{7B52EA2D-1580-4576-B62C-E1114951C4CC}.Debug|x86.Build.0 = Debug|Win32
		{7B52EA2D-1580-4576-B62C-E1114951C4CC}.Release|x64.ActiveCfg = Release|x64
		{7B52EA2D-1580-4576-B62C-E1114951C4CC}.Release|x64.Build.0 = Release|x64
		{7B52EA2D-1580-4576-B62C-E1114951C4CC}.Release|x86.ActiveCfg = Release|Win32
		{7B52EA2D-1580-4576-B62C-E1114951C4CC}.Release|x86.Build.0 = Release|Win32
		{24ACCDE5-FE7D-484B-896D-211AB990C2ED}.Debug|x64.ActiveCfg = Debug|x64
		{24ACCDE5-FE7D-484B-896D-211AB990C2ED}.Debug|x64.Build.0 = Debug|x64
		{24ACCDE5-FE7D-484B-896D-211AB990C2ED}.Debug|x86.ActiveCfg = Debug|Win32
		{24ACCDE5-FE7D-484B-896D-211AB990C2ED}.Debug|x86.Build.0 = Debug|Win32
		{24ACCDE5-FE7D-484B-896D-211AB990C2ED}.Release|x64.ActiveCfg = Release|x64
		{24ACCDE5-FE7D-484B-896D-211AB990C2ED}.Release|x64.Build.0 = Release|x64
		{24ACCDE5-FE7D-484B-896D-211AB990C2ED}.Release|x86.ActiveCfg = Release|Win32
		{24ACCDE5-FE7D-484B-896D-211AB990C2ED}.Release|x86.Build.0 = Release|Win32
		{535E5B7F-DB43-4F4A-B7BA-2967168E1D7A}.Debug|x64.ActiveCfg = Debug|x64
		{535E5B7F-DB43-4F4A-B7BA-2967168E1D7A}.Debug|x64.Build.0 = Debug|x64
		{535E5B7F-DB43-4F4A-B7BA-2967168E1D7A}.Debug|x86.ActiveCfg = Debug|Win32
		{535E5B7F-DB43-4F4A-B7BA-2967168E1D7A}.Debug|x86.Build.0 = Debug|Win32
		{535E5B7F-DB43-4F4A-B7BA-2967168E1D7A}.Release|x64.ActiveCfg = Release|x64
		{535E5B7F-DB43-4F4A-B7BA-2967168E1D7A}.Release|x64.Build.0 = Release|x64
		{535E5B7F-DB43-4F4A-B7BA-2967168E1D7A}.Release|x86.ActiveCfg = Release|Win32
		{535E5B7F-DB43-4F4A-B7BA-2967168E1D7A}.Release|x86.Build.0 = Release|Win32
		{6285BB8F-5089-45DE-B52D-38A98F54462D}.Debug|x64.ActiveCfg = Debug|x64
		{6285BB8F-5089-45DE-B52D-38A98F54462D}.Debug|x64.Build.0 = Debug|x64
		{6285BB8F-5089-45DE-B52D-38A98F54462D}.Debug|x86.ActiveCfg = Debug|Win32
		{6285BB8F-5089-45DE-B52D-38A98F54462D}.Debug|x86.Build.0 = Debug|Win32
		{6285BB8F-5089-45DE-B52D-38A98F54462D}.Release|x64.ActiveCfg = Release|x64
		{6285BB8F-5089-45DE-B52D-38A98F54462D}.Release|x64.Build.0 = Release|x64
		{6285BB8F-5089-45DE-B52D-38A98F54462D}.Release|x86.ActiveCfg = Release|Win32
		{6285BB8F-5089-45DE-B52D-38A98F54462D}.Release|x86.Build.0 = Release|Win32
		{0DF8CFD8-4662-4693-A9AD-035FE7E4DA1F}.Debug|x64.ActiveCfg = Debug|x64
		{0DF8CFD8-4662-4693-A9AD-035FE7E4DA1F}.Debug|x64.Build.0 = Debug|x64
		{0DF8CFD8-4662-4693-A9AD-035FE7E4DA1F}.Debug|x86.ActiveCfg = Debug|Win32
		{0DF8CFD8-4662-4693-A9AD-035FE7E4DA1F}.Debug|x86.Build.0 = Debug|Win32
		{0DF8CFD8-4662-4693-A9AD-035FE7E4DA1F}.Release|x64.ActiveCfg = Release|x64
		{0DF8CFD8-4662-4693-A9AD-035FE7E4DA1F}.Release|x64.Build.0 = Release|x64
		{0DF8CFD8-4662-4693-A9AD-035FE7E4DA1F}.Release|x86.ActiveCfg = Release|Win32
		{0DF8CFD8-4662-4693-A9AD-035FE7E4DA1F}.Release|x86.Build.0 = Release|Win32
		{F9287E34-231D-46E4-8478-9DF8C1184E2A}.Debug|x64.ActiveCfg = Debug|x64
		{F9287E34-231D-46E4-8478-9DF8C1184E2A}.Debug|x64.Build.0 = Debug|x64
		{F9287E34-231D-46E4-8478-9DF8C1184E2A}.Debug|x86.ActiveCfg = Debug|Win32
		{F9287E34-231D-46E4-8478-9DF8C1184E2A}.Debug|x86.Build.0 = Debug|Win32
		{F9287E34-231D-46E4-8478-9DF8C1184E2A}.Release|x64.ActiveCfg = Release|x64
		{F9287E34-231D-46E4-8478-9DF8C1184E2A}.Release|x64.Build.0 = Release|x64
		{F9287E34-231D-46E4-8478-9DF8C1184E2A}.Release|x86.ActiveCfg = Release|Win32
		{F9287E34-231D-46E4-8478-9DF8C1184E2A}.Release|x86.Build.0 = Release|Win32
		{660D974E-728A-474E-9C55-4A458162D7E0}.Debug|x64.ActiveCfg = Debug|x64
		{660D974E-728A-474E-9C55-4A458162D7E0}.Debug|x64.Build.0 = Debug|x64
		{660D974E-728A-474E-9C55-4A458162D7E0}.Debug|x86.ActiveCfg = Debug|Win32
		{660D974E-728A-474E-9C55-4A458162D7E0}.Debug|x86.Build.0 = Debug|Win32
		{660D974E-728A-474E-9C55-4A458162D7E0}.Release|x64.ActiveCfg = Release|x64
		{660D974E-728A-474E-9C55-4A458162D7E0}.Release|x64.Build.0 = Release|x64
		{660D974E-728A-474E-9C55-4A458162D7E0}.Release|x86.ActiveCfg = Release|Win32
		{660D974E-728A-474E-9C55-4A458162D7E0}.Release|x86.Build.0 = Release|Win32
	EndGlobalSection
	GlobalSection(SolutionProperties) = preSolution
		HideSolutionNode = FALSE
	EndGlobalSection
	GlobalSection(ExtensibilityGlobals) = postSolution
		SolutionGuid = {FA96F9F6-23AD-4FAA-BE11-D2AA3DB77CB3}
	EndGlobalSection
EndGlobal
